
Microsoft Visual Studio Solution File, Format Version 12.00
# Visual Studio Version 16
VisualStudioVersion = 16.0.29728.190
MinimumVisualStudioVersion = 10.0.40219.1
Project("{FAE04EC0-301F-11D3-BF4B-00C04F79EFBC}") = "Hesh", "Hesh.csproj", "{E0DC9F71-A73E-4E00-A692-753A46D9A5CA}"
EndProject
Global
	GlobalSection(SolutionConfigurationPlatforms) = preSolution
		Debug|Any CPU = Debug|Any CPU
		Release|Any CPU = Release|Any CPU
	EndGlobalSection
	GlobalSection(ProjectConfigurationPlatforms) = postSolution
		{E0DC9F71-A73E-4E00-A692-753A46D9A5CA}.Debug|Any CPU.ActiveCfg = Debug|Any CPU
		{E0DC9F71-A73E-4E00-A692-753A46D9A5CA}.Debug|Any CPU.Build.0 = Debug|Any CPU
		{E0DC9F71-A73E-4E00-A692-753A46D9A5CA}.Release|Any CPU.ActiveCfg = Release|Any CPU
		{E0DC9F71-A73E-4E00-A692-753A46D9A5CA}.Release|Any CPU.Build.0 = Release|Any CPU
	EndGlobalSection
	GlobalSection(SolutionProperties) = preSolution
		HideSolutionNode = FALSE
	EndGlobalSection
	GlobalSection(ExtensibilityGlobals) = postSolution
		SolutionGuid = {E80DD924-684D-4F08-844A-0BE4B5C299F3}
	EndGlobalSection
EndGlobal
